
Microsoft Visual Studio Solution File, Format Version 12.00
# Visual Studio Version 17
VisualStudioVersion = 17.0.31903.59
MinimumVisualStudioVersion = 10.0.40219.1
Project("{9A19103F-16F7-4668-BE54-9A1E7A4F7556}") = "GitHubActionTests", "GitHubActionTests.csproj", "{AA81E027-79F9-46AB-AE2D-3A06D239DADC}"
EndProject
Project("{2150E333-8FDC-42A3-9474-1A3956D46DE8}") = "解决方案项", "解决方案项", "{9F531B89-9BAF-4504-BC21-F51094AFD121}"
	ProjectSection(SolutionItems) = preProject
		.github\workflows\build.yml = .github\workflows\build.yml
	EndProjectSection
EndProject
Global
	GlobalSection(SolutionConfigurationPlatforms) = preSolution
		Debug|Any CPU = Debug|Any CPU
		Release|Any CPU = Release|Any CPU
	EndGlobalSection
	GlobalSection(ProjectConfigurationPlatforms) = postSolution
		{AA81E027-79F9-46AB-AE2D-3A06D239DADC}.Debug|Any CPU.ActiveCfg = Debug|Any CPU
		{AA81E027-79F9-46AB-AE2D-3A06D239DADC}.Debug|Any CPU.Build.0 = Debug|Any CPU
		{AA81E027-79F9-46AB-AE2D-3A06D239DADC}.Release|Any CPU.ActiveCfg = Release|Any CPU
		{AA81E027-79F9-46AB-AE2D-3A06D239DADC}.Release|Any CPU.Build.0 = Release|Any CPU
	EndGlobalSection
	GlobalSection(SolutionProperties) = preSolution
		HideSolutionNode = FALSE
	EndGlobalSection
EndGlobal
